
Microsoft Visual Studio Solution File, Format Version 12.00
# Visual Studio Version 16
VisualStudioVersion = 16.0.31025.194
MinimumVisualStudioVersion = 10.0.40219.1
Project("{FAE04EC0-301F-11D3-BF4B-00C04F79EFBC}") = "WebApplication1", "WebApplication1\WebApplication1.csproj", "{ADE6F67C-8685-45C2-8D85-199FB596203D}"
EndProject
Global
	GlobalSection(SolutionConfigurationPlatforms) = preSolution
		Debug|Any CPU = Debug|Any CPU
		Release|Any CPU = Release|Any CPU
	EndGlobalSection
	GlobalSection(ProjectConfigurationPlatforms) = postSolution
		{ADE6F67C-8685-45C2-8D85-199FB596203D}.Debug|Any CPU.ActiveCfg = Debug|Any CPU
		{ADE6F67C-8685-45C2-8D85-199FB596203D}.Debug|Any CPU.Build.0 = Debug|Any CPU
		{ADE6F67C-8685-45C2-8D85-199FB596203D}.Release|Any CPU.ActiveCfg = Release|Any CPU
		{ADE6F67C-8685-45C2-8D85-199FB596203D}.Release|Any CPU.Build.0 = Release|Any CPU
	EndGlobalSection
	GlobalSection(SolutionProperties) = preSolution
		HideSolutionNode = FALSE
	EndGlobalSection
	GlobalSection(ExtensibilityGlobals) = postSolution
		SolutionGuid = {EE5AAA62-3166-4537-90BC-6C735A023B52}
	EndGlobalSection
EndGlobal
